// !$*UTF8*$!
{
	archiveVersion = 1;
	classes = {
	};
	objectVersion = 50;
	objects = {

/* Begin PBXBuildFile section */
		3E08C46623C02CB700EC5469 /* AppDelegate.swift in Sources */ = {isa = PBXBuildFile; fileRef = 3E08C46523C02CB700EC5469 /* AppDelegate.swift */; };
		3E08C46823C02CB700EC5469 /* ViewController.swift in Sources */ = {isa = PBXBuildFile; fileRef = 3E08C46723C02CB700EC5469 /* ViewController.swift */; };
		3E08C46A23C02CB800EC5469 /* Assets.xcassets in Resources */ = {isa = PBXBuildFile; fileRef = 3E08C46923C02CB800EC5469 /* Assets.xcassets */; };
		3E08C46D23C02CB800EC5469 /* Main.storyboard in Resources */ = {isa = PBXBuildFile; fileRef = 3E08C46B23C02CB800EC5469 /* Main.storyboard */; };
		3E08C49123C02F7800EC5469 /* GRDB.framework in Frameworks */ = {isa = PBXBuildFile; fileRef = 3E08C48123C02EE700EC5469 /* GRDB.framework */; };
		3E08C49223C02F7800EC5469 /* GRDB.framework in Embed Frameworks */ = {isa = PBXBuildFile; fileRef = 3E08C48123C02EE700EC5469 /* GRDB.framework */; settings = {ATTRIBUTES = (CodeSignOnCopy, RemoveHeadersOnCopy, ); }; };
		3E08C4B923C102B400EC5469 /* AppDatabase.swift in Sources */ = {isa = PBXBuildFile; fileRef = 3E08C4B823C102B400EC5469 /* AppDatabase.swift */; };
/* End PBXBuildFile section */

/* Begin PBXContainerItemProxy section */
		3E08C48023C02EE700EC5469 /* PBXContainerItemProxy */ = {
			isa = PBXContainerItemProxy;
			containerPortal = 3E08C47523C02EE600EC5469 /* GRDB.xcodeproj */;
			proxyType = 2;
			remoteGlobalIDString = DC3773F319C8CBB3004FCF85;
			remoteInfo = GRDBOSX;
		};
		3E08C48223C02EE700EC5469 /* PBXContainerItemProxy */ = {
			isa = PBXContainerItemProxy;
			containerPortal = 3E08C47523C02EE600EC5469 /* GRDB.xcodeproj */;
			proxyType = 2;
			remoteGlobalIDString = 56E5D7F91B4D422D00430942;
			remoteInfo = GRDBOSXTests;
		};
		3E08C48423C02EE700EC5469 /* PBXContainerItemProxy */ = {
			isa = PBXContainerItemProxy;
			containerPortal = 3E08C47523C02EE600EC5469 /* GRDB.xcodeproj */;
			proxyType = 2;
			remoteGlobalIDString = 56553C181C3E906C00522B5C;
			remoteInfo = GRDBOSXCrashTests;
		};
		3E08C48623C02EE700EC5469 /* PBXContainerItemProxy */ = {
			isa = PBXContainerItemProxy;
			containerPortal = 3E08C47523C02EE600EC5469 /* GRDB.xcodeproj */;
			proxyType = 2;
			remoteGlobalIDString = 56E5D7CA1B4D3FED00430942;
			remoteInfo = GRDBiOS;
		};
		3E08C48823C02EE700EC5469 /* PBXContainerItemProxy */ = {
			isa = PBXContainerItemProxy;
			containerPortal = 3E08C47523C02EE600EC5469 /* GRDB.xcodeproj */;
			proxyType = 2;
			remoteGlobalIDString = 56E5D7D31B4D3FEE00430942;
			remoteInfo = GRDBiOSTests;
		};
		3E08C48A23C02EE700EC5469 /* PBXContainerItemProxy */ = {
			isa = PBXContainerItemProxy;
			containerPortal = 3E08C47523C02EE600EC5469 /* GRDB.xcodeproj */;
			proxyType = 2;
			remoteGlobalIDString = 565490A01D5A4798005622CB;
			remoteInfo = GRDBWatchOS;
		};
		3E08C48C23C02EE700EC5469 /* PBXContainerItemProxy */ = {
			isa = PBXContainerItemProxy;
			containerPortal = 3E08C47523C02EE600EC5469 /* GRDB.xcodeproj */;
			proxyType = 2;
			remoteGlobalIDString = AAA4DCFE230F1E0600C74B15;
			remoteInfo = GRDBtvOS;
		};
		3E08C48E23C02EE700EC5469 /* PBXContainerItemProxy */ = {
			isa = PBXContainerItemProxy;
			containerPortal = 3E08C47523C02EE600EC5469 /* GRDB.xcodeproj */;
			proxyType = 2;
			remoteGlobalIDString = AAA4DDD4230F262000C74B15;
			remoteInfo = GRDBtvOSTests;
		};
		3E08C49423C02FD400EC5469 /* PBXContainerItemProxy */ = {
			isa = PBXContainerItemProxy;
			containerPortal = 3E08C47523C02EE600EC5469 /* GRDB.xcodeproj */;
			proxyType = 1;
			remoteGlobalIDString = DC3773F219C8CBB3004FCF85;
			remoteInfo = GRDBOSX;
		};
/* End PBXContainerItemProxy section */

/* Begin PBXCopyFilesBuildPhase section */
		3E08C49323C02F7900EC5469 /* Embed Frameworks */ = {
			isa = PBXCopyFilesBuildPhase;
			buildActionMask = 2147483647;
			dstPath = "";
			dstSubfolderSpec = 10;
			files = (
				3E08C49223C02F7800EC5469 /* GRDB.framework in Embed Frameworks */,
			);
			name = "Embed Frameworks";
			runOnlyForDeploymentPostprocessing = 0;
		};
/* End PBXCopyFilesBuildPhase section */

/* Begin PBXFileReference section */
		3E08C46223C02CB700EC5469 /* firstGRDBattempt.app */ = {isa = PBXFileReference; explicitFileType = wrapper.application; includeInIndex = 0; path = firstGRDBattempt.app; sourceTree = BUILT_PRODUCTS_DIR; };
		3E08C46523C02CB700EC5469 /* AppDelegate.swift */ = {isa = PBXFileReference; lastKnownFileType = sourcecode.swift; path = AppDelegate.swift; sourceTree = "<group>"; };
		3E08C46723C02CB700EC5469 /* ViewController.swift */ = {isa = PBXFileReference; lastKnownFileType = sourcecode.swift; path = ViewController.swift; sourceTree = "<group>"; };
		3E08C46923C02CB800EC5469 /* Assets.xcassets */ = {isa = PBXFileReference; lastKnownFileType = folder.assetcatalog; path = Assets.xcassets; sourceTree = "<group>"; };
		3E08C46C23C02CB800EC5469 /* Base */ = {isa = PBXFileReference; lastKnownFileType = file.storyboard; name = Base; path = Base.lproj/Main.storyboard; sourceTree = "<group>"; };
		3E08C46E23C02CB800EC5469 /* Info.plist */ = {isa = PBXFileReference; lastKnownFileType = text.plist.xml; path = Info.plist; sourceTree = "<group>"; };
		3E08C46F23C02CB800EC5469 /* firstGRDBattempt.entitlements */ = {isa = PBXFileReference; lastKnownFileType = text.plist.entitlements; path = firstGRDBattempt.entitlements; sourceTree = "<group>"; };
		3E08C47523C02EE600EC5469 /* GRDB.xcodeproj */ = {isa = PBXFileReference; lastKnownFileType = "wrapper.pb-project"; name = GRDB.xcodeproj; path = "../../GRDB.swift-4.7.0/GRDB.xcodeproj"; sourceTree = "<group>"; };
		3E08C4B823C102B400EC5469 /* AppDatabase.swift */ = {isa = PBXFileReference; lastKnownFileType = sourcecode.swift; path = AppDatabase.swift; sourceTree = "<group>"; };
/* End PBXFileReference section */

/* Begin PBXFrameworksBuildPhase section */
		3E08C45F23C02CB700EC5469 /* Frameworks */ = {
			isa = PBXFrameworksBuildPhase;
			buildActionMask = 2147483647;
			files = (
				3E08C49123C02F7800EC5469 /* GRDB.framework in Frameworks */,
			);
			runOnlyForDeploymentPostprocessing = 0;
		};
/* End PBXFrameworksBuildPhase section */

/* Begin PBXGroup section */
		3E08C45923C02CB700EC5469 = {
			isa = PBXGroup;
			children = (
				3E08C46423C02CB700EC5469 /* firstGRDBattempt */,
				3E08C46323C02CB700EC5469 /* Products */,
				3E08C49023C02F7800EC5469 /* Frameworks */,
			);
			sourceTree = "<group>";
		};
		3E08C46323C02CB700EC5469 /* Products */ = {
			isa = PBXGroup;
			children = (
				3E08C46223C02CB700EC5469 /* firstGRDBattempt.app */,
			);
			name = Products;
			sourceTree = "<group>";
		};
		3E08C46423C02CB700EC5469 /* firstGRDBattempt */ = {
			isa = PBXGroup;
			children = (
				3E08C46523C02CB700EC5469 /* AppDelegate.swift */,
				3E08C4B823C102B400EC5469 /* AppDatabase.swift */,
				3E08C46723C02CB700EC5469 /* ViewController.swift */,
				3E08C46923C02CB800EC5469 /* Assets.xcassets */,
				3E08C46B23C02CB800EC5469 /* Main.storyboard */,
				3E08C46E23C02CB800EC5469 /* Info.plist */,
				3E08C46F23C02CB800EC5469 /* firstGRDBattempt.entitlements */,
				3E08C47523C02EE600EC5469 /* GRDB.xcodeproj */,
			);
			path = firstGRDBattempt;
			sourceTree = "<group>";
		};
		3E08C47623C02EE600EC5469 /* Products */ = {
			isa = PBXGroup;
			children = (
				3E08C48123C02EE700EC5469 /* GRDB.framework */,
				3E08C48323C02EE700EC5469 /* GRDBOSXTests.xctest */,
				3E08C48523C02EE700EC5469 /* GRDBOSXCrashTests.xctest */,
				3E08C48723C02EE700EC5469 /* GRDB.framework */,
				3E08C48923C02EE700EC5469 /* GRDBiOSTests.xctest */,
				3E08C48B23C02EE700EC5469 /* GRDB.framework */,
				3E08C48D23C02EE700EC5469 /* GRDB.framework */,
				3E08C48F23C02EE700EC5469 /* GRDBtvOSTests.xctest */,
			);
			name = Products;
			sourceTree = "<group>";
		};
		3E08C49023C02F7800EC5469 /* Frameworks */ = {
			isa = PBXGroup;
			children = (
			);
			name = Frameworks;
			sourceTree = "<group>";
		};
/* End PBXGroup section */

/* Begin PBXNativeTarget section */
		3E08C46123C02CB700EC5469 /* firstGRDBattempt */ = {
			isa = PBXNativeTarget;
			buildConfigurationList = 3E08C47223C02CB800EC5469 /* Build configuration list for PBXNativeTarget "firstGRDBattempt" */;
			buildPhases = (
				3E08C45E23C02CB700EC5469 /* Sources */,
				3E08C45F23C02CB700EC5469 /* Frameworks */,
				3E08C46023C02CB700EC5469 /* Resources */,
				3E08C49323C02F7900EC5469 /* Embed Frameworks */,
			);
			buildRules = (
			);
			dependencies = (
				3E08C49523C02FD400EC5469 /* PBXTargetDependency */,
			);
			name = firstGRDBattempt;
			productName = firstGRDBattempt;
			productReference = 3E08C46223C02CB700EC5469 /* firstGRDBattempt.app */;
			productType = "com.apple.product-type.application";
		};
/* End PBXNativeTarget section */

/* Begin PBXProject section */
		3E08C45A23C02CB700EC5469 /* Project object */ = {
			isa = PBXProject;
			attributes = {
				LastSwiftUpdateCheck = 1130;
				LastUpgradeCheck = 1130;
				ORGANIZATIONNAME = "Tamara Snyder";
				TargetAttributes = {
					3E08C46123C02CB700EC5469 = {
						CreatedOnToolsVersion = 11.3;
					};
				};
			};
			buildConfigurationList = 3E08C45D23C02CB700EC5469 /* Build configuration list for PBXProject "firstGRDBattempt" */;
			compatibilityVersion = "Xcode 9.3";
			developmentRegion = en;
			hasScannedForEncodings = 0;
			knownRegions = (
				en,
				Base,
			);
			mainGroup = 3E08C45923C02CB700EC5469;
			productRefGroup = 3E08C46323C02CB700EC5469 /* Products */;
			projectDirPath = "";
			projectReferences = (
				{
					ProductGroup = 3E08C47623C02EE600EC5469 /* Products */;
					ProjectRef = 3E08C47523C02EE600EC5469 /* GRDB.xcodeproj */;
				},
			);
			projectRoot = "";
			targets = (
				3E08C46123C02CB700EC5469 /* firstGRDBattempt */,
			);
		};
/* End PBXProject section */

/* Begin PBXReferenceProxy section */
		3E08C48123C02EE700EC5469 /* GRDB.framework */ = {
			isa = PBXReferenceProxy;
			fileType = wrapper.framework;
			path = GRDB.framework;
			remoteRef = 3E08C48023C02EE700EC5469 /* PBXContainerItemProxy */;
			sourceTree = BUILT_PRODUCTS_DIR;
		};
		3E08C48323C02EE700EC5469 /* GRDBOSXTests.xctest */ = {
			isa = PBXReferenceProxy;
			fileType = wrapper.cfbundle;
			path = GRDBOSXTests.xctest;
			remoteRef = 3E08C48223C02EE700EC5469 /* PBXContainerItemProxy */;
			sourceTree = BUILT_PRODUCTS_DIR;
		};
		3E08C48523C02EE700EC5469 /* GRDBOSXCrashTests.xctest */ = {
			isa = PBXReferenceProxy;
			fileType = wrapper.cfbundle;
			path = GRDBOSXCrashTests.xctest;
			remoteRef = 3E08C48423C02EE700EC5469 /* PBXContainerItemProxy */;
			sourceTree = BUILT_PRODUCTS_DIR;
		};
		3E08C48723C02EE700EC5469 /* GRDB.framework */ = {
			isa = PBXReferenceProxy;
			fileType = wrapper.framework;
			path = GRDB.framework;
			remoteRef = 3E08C48623C02EE700EC5469 /* PBXContainerItemProxy */;
			sourceTree = BUILT_PRODUCTS_DIR;
		};
		3E08C48923C02EE700EC5469 /* GRDBiOSTests.xctest */ = {
			isa = PBXReferenceProxy;
			fileType = wrapper.cfbundle;
			path = GRDBiOSTests.xctest;
			remoteRef = 3E08C48823C02EE700EC5469 /* PBXContainerItemProxy */;
			sourceTree = BUILT_PRODUCTS_DIR;
		};
		3E08C48B23C02EE700EC5469 /* GRDB.framework */ = {
			isa = PBXReferenceProxy;
			fileType = wrapper.framework;
			path = GRDB.framework;
			remoteRef = 3E08C48A23C02EE700EC5469 /* PBXContainerItemProxy */;
			sourceTree = BUILT_PRODUCTS_DIR;
		};
		3E08C48D23C02EE700EC5469 /* GRDB.framework */ = {
			isa = PBXReferenceProxy;
			fileType = wrapper.framework;
			path = GRDB.framework;
			remoteRef = 3E08C48C23C02EE700EC5469 /* PBXContainerItemProxy */;
			sourceTree = BUILT_PRODUCTS_DIR;
		};
		3E08C48F23C02EE700EC5469 /* GRDBtvOSTests.xctest */ = {
			isa = PBXReferenceProxy;
			fileType = wrapper.cfbundle;
			path = GRDBtvOSTests.xctest;
			remoteRef = 3E08C48E23C02EE700EC5469 /* PBXContainerItemProxy */;
			sourceTree = BUILT_PRODUCTS_DIR;
		};
/* End PBXReferenceProxy section */

/* Begin PBXResourcesBuildPhase section */
		3E08C46023C02CB700EC5469 /* Resources */ = {
			isa = PBXResourcesBuildPhase;
			buildActionMask = 2147483647;
			files = (
				3E08C46A23C02CB800EC5469 /* Assets.xcassets in Resources */,
				3E08C46D23C02CB800EC5469 /* Main.storyboard in Resources */,
			);
			runOnlyForDeploymentPostprocessing = 0;
		};
/* End PBXResourcesBuildPhase section */

/* Begin PBXSourcesBuildPhase section */
		3E08C45E23C02CB700EC5469 /* Sources */ = {
			isa = PBXSourcesBuildPhase;
			buildActionMask = 2147483647;
			files = (
				3E08C4B923C102B400EC5469 /* AppDatabase.swift in Sources */,
				3E08C46823C02CB700EC5469 /* ViewController.swift in Sources */,
				3E08C46623C02CB700EC5469 /* AppDelegate.swift in Sources */,
			);
			runOnlyForDeploymentPostprocessing = 0;
		};
/* End PBXSourcesBuildPhase section */

/* Begin PBXTargetDependency section */
		3E08C49523C02FD400EC5469 /* PBXTargetDependency */ = {
			isa = PBXTargetDependency;
			name = GRDBOSX;
			targetProxy = 3E08C49423C02FD400EC5469 /* PBXContainerItemProxy */;
		};
/* End PBXTargetDependency section */

/* Begin PBXVariantGroup section */
		3E08C46B23C02CB800EC5469 /* Main.storyboard */ = {
			isa = PBXVariantGroup;
			children = (
				3E08C46C23C02CB800EC5469 /* Base */,
			);
			name = Main.storyboard;
			sourceTree = "<group>";
		};
/* End PBXVariantGroup section */

/* Begin XCBuildConfiguration section */
		3E08C47023C02CB800EC5469 /* Debug */ = {
			isa = XCBuildConfiguration;
			buildSettings = {
				ALWAYS_SEARCH_USER_PATHS = NO;
				CLANG_ANALYZER_NONNULL = YES;
				CLANG_ANALYZER_NUMBER_OBJECT_CONVERSION = YES_AGGRESSIVE;
				CLANG_CXX_LANGUAGE_STANDARD = "gnu++14";
				CLANG_CXX_LIBRARY = "libc++";
				CLANG_ENABLE_MODULES = YES;
				CLANG_ENABLE_OBJC_ARC = YES;
				CLANG_ENABLE_OBJC_WEAK = YES;
				CLANG_WARN_BLOCK_CAPTURE_AUTORELEASING = YES;
				CLANG_WARN_BOOL_CONVERSION = YES;
				CLANG_WARN_COMMA = YES;
				CLANG_WARN_CONSTANT_CONVERSION = YES;
				CLANG_WARN_DEPRECATED_OBJC_IMPLEMENTATIONS = YES;
				CLANG_WARN_DIRECT_OBJC_ISA_USAGE = YES_ERROR;
				CLANG_WARN_DOCUMENTATION_COMMENTS = YES;
				CLANG_WARN_EMPTY_BODY = YES;
				CLANG_WARN_ENUM_CONVERSION = YES;
				CLANG_WARN_INFINITE_RECURSION = YES;
				CLANG_WARN_INT_CONVERSION = YES;
				CLANG_WARN_NON_LITERAL_NULL_CONVERSION = YES;
				CLANG_WARN_OBJC_IMPLICIT_RETAIN_SELF = YES;
				CLANG_WARN_OBJC_LITERAL_CONVERSION = YES;
				CLANG_WARN_OBJC_ROOT_CLASS = YES_ERROR;
				CLANG_WARN_RANGE_LOOP_ANALYSIS = YES;
				CLANG_WARN_STRICT_PROTOTYPES = YES;
				CLANG_WARN_SUSPICIOUS_MOVE = YES;
				CLANG_WARN_UNGUARDED_AVAILABILITY = YES_AGGRESSIVE;
				CLANG_WARN_UNREACHABLE_CODE = YES;
				CLANG_WARN__DUPLICATE_METHOD_MATCH = YES;
				COPY_PHASE_STRIP = NO;
				DEBUG_INFORMATION_FORMAT = dwarf;
				ENABLE_STRICT_OBJC_MSGSEND = YES;
				ENABLE_TESTABILITY = YES;
				GCC_C_LANGUAGE_STANDARD = gnu11;
				GCC_DYNAMIC_NO_PIC = NO;
				GCC_NO_COMMON_BLOCKS = YES;
				GCC_OPTIMIZATION_LEVEL = 0;
				GCC_PREPROCESSOR_DEFINITIONS = (
					"DEBUG=1",
					"$(inherited)",
				);
				GCC_WARN_64_TO_32_BIT_CONVERSION = YES;
				GCC_WARN_ABOUT_RETURN_TYPE = YES_ERROR;
				GCC_WARN_UNDECLARED_SELECTOR = YES;
				GCC_WARN_UNINITIALIZED_AUTOS = YES_AGGRESSIVE;
				GCC_WARN_UNUSED_FUNCTION = YES;
				GCC_WARN_UNUSED_VARIABLE = YES;
				MACOSX_DEPLOYMENT_TARGET = 10.14;
				MTL_ENABLE_DEBUG_INFO = INCLUDE_SOURCE;
				MTL_FAST_MATH = YES;
				ONLY_ACTIVE_ARCH = YES;
				SDKROOT = macosx;
				SWIFT_ACTIVE_COMPILATION_CONDITIONS = DEBUG;
				SWIFT_OPTIMIZATION_LEVEL = "-Onone";
			};
			name = Debug;
		};
		3E08C47123C02CB800EC5469 /* Release */ = {
			isa = XCBuildConfiguration;
			buildSettings = {
				ALWAYS_SEARCH_USER_PATHS = NO;
				CLANG_ANALYZER_NONNULL = YES;
				CLANG_ANALYZER_NUMBER_OBJECT_CONVERSION = YES_AGGRESSIVE;
				CLANG_CXX_LANGUAGE_STANDARD = "gnu++14";
				CLANG_CXX_LIBRARY = "libc++";
				CLANG_ENABLE_MODULES = YES;
				CLANG_ENABLE_OBJC_ARC = YES;
				CLANG_ENABLE_OBJC_WEAK = YES;
				CLANG_WARN_BLOCK_CAPTURE_AUTORELEASING = YES;
				CLANG_WARN_BOOL_CONVERSION = YES;
				CLANG_WARN_COMMA = YES;
				CLANG_WARN_CONSTANT_CONVERSION = YES;
				CLANG_WARN_DEPRECATED_OBJC_IMPLEMENTATIONS = YES;
				CLANG_WARN_DIRECT_OBJC_ISA_USAGE = YES_ERROR;
				CLANG_WARN_DOCUMENTATION_COMMENTS = YES;
				CLANG_WARN_EMPTY_BODY = YES;
				CLANG_WARN_ENUM_CONVERSION = YES;
				CLANG_WARN_INFINITE_RECURSION = YES;
				CLANG_WARN_INT_CONVERSION = YES;
				CLANG_WARN_NON_LITERAL_NULL_CONVERSION = YES;
				CLANG_WARN_OBJC_IMPLICIT_RETAIN_SELF = YES;
				CLANG_WARN_OBJC_LITERAL_CONVERSION = YES;
				CLANG_WARN_OBJC_ROOT_CLASS = YES_ERROR;
				CLANG_WARN_RANGE_LOOP_ANALYSIS = YES;
				CLANG_WARN_STRICT_PROTOTYPES = YES;
				CLANG_WARN_SUSPICIOUS_MOVE = YES;
				CLANG_WARN_UNGUARDED_AVAILABILITY = YES_AGGRESSIVE;
				CLANG_WARN_UNREACHABLE_CODE = YES;
				CLANG_WARN__DUPLICATE_METHOD_MATCH = YES;
				COPY_PHASE_STRIP = NO;
				DEBUG_INFORMATION_FORMAT = "dwarf-with-dsym";
				ENABLE_NS_ASSERTIONS = NO;
				ENABLE_STRICT_OBJC_MSGSEND = YES;
				GCC_C_LANGUAGE_STANDARD = gnu11;
				GCC_NO_COMMON_BLOCKS = YES;
				GCC_WARN_64_TO_32_BIT_CONVERSION = YES;
				GCC_WARN_ABOUT_RETURN_TYPE = YES_ERROR;
				GCC_WARN_UNDECLARED_SELECTOR = YES;
				GCC_WARN_UNINITIALIZED_AUTOS = YES_AGGRESSIVE;
				GCC_WARN_UNUSED_FUNCTION = YES;
				GCC_WARN_UNUSED_VARIABLE = YES;
				MACOSX_DEPLOYMENT_TARGET = 10.14;
				MTL_ENABLE_DEBUG_INFO = NO;
				MTL_FAST_MATH = YES;
				SDKROOT = macosx;
				SWIFT_COMPILATION_MODE = wholemodule;
				SWIFT_OPTIMIZATION_LEVEL = "-O";
			};
			name = Release;
		};
		3E08C47323C02CB800EC5469 /* Debug */ = {
			isa = XCBuildConfiguration;
			buildSettings = {
				ASSETCATALOG_COMPILER_APPICON_NAME = AppIcon;
				CODE_SIGN_ENTITLEMENTS = firstGRDBattempt/firstGRDBattempt.entitlements;
				CODE_SIGN_STYLE = Automatic;
				COMBINE_HIDPI_IMAGES = YES;
				DEVELOPMENT_TEAM = NHJA6486FQ;
				ENABLE_HARDENED_RUNTIME = YES;
				INFOPLIST_FILE = firstGRDBattempt/Info.plist;
				LD_RUNPATH_SEARCH_PATHS = (
					"$(inherited)",
					"@executable_path/../Frameworks",
				);
				PRODUCT_BUNDLE_IDENTIFIER = com.tamarasnyder.firstGRDBattempt;
				PRODUCT_NAME = "$(TARGET_NAME)";
				SWIFT_VERSION = 5.0;
			};
			name = Debug;
		};
		3E08C47423C02CB800EC5469 /* Release */ = {
			isa = XCBuildConfiguration;
			buildSettings = {
				ASSETCATALOG_COMPILER_APPICON_NAME = AppIcon;
				CODE_SIGN_ENTITLEMENTS = firstGRDBattempt/firstGRDBattempt.entitlements;
				CODE_SIGN_STYLE = Automatic;
				COMBINE_HIDPI_IMAGES = YES;
				DEVELOPMENT_TEAM = NHJA6486FQ;
				ENABLE_HARDENED_RUNTIME = YES;
				INFOPLIST_FILE = firstGRDBattempt/Info.plist;
				LD_RUNPATH_SEARCH_PATHS = (
					"$(inherited)",
					"@executable_path/../Frameworks",
				);
				PRODUCT_BUNDLE_IDENTIFIER = com.tamarasnyder.firstGRDBattempt;
				PRODUCT_NAME = "$(TARGET_NAME)";
				SWIFT_VERSION = 5.0;
			};
			name = Release;
		};
/* End XCBuildConfiguration section */

/* Begin XCConfigurationList section */
		3E08C45D23C02CB700EC5469 /* Build configuration list for PBXProject "firstGRDBattempt" */ = {
			isa = XCConfigurationList;
			buildConfigurations = (
				3E08C47023C02CB800EC5469 /* Debug */,
				3E08C47123C02CB800EC5469 /* Release */,
			);
			defaultConfigurationIsVisible = 0;
			defaultConfigurationName = Release;
		};
		3E08C47223C02CB800EC5469 /* Build configuration list for PBXNativeTarget "firstGRDBattempt" */ = {
			isa = XCConfigurationList;
			buildConfigurations = (
				3E08C47323C02CB800EC5469 /* Debug */,
				3E08C47423C02CB800EC5469 /* Release */,
			);
			defaultConfigurationIsVisible = 0;
			defaultConfigurationName = Release;
		};
/* End XCConfigurationList section */
	};
	rootObject = 3E08C45A23C02CB700EC5469 /* Project object */;
}
